<?xml version="1.0" encoding="utf-8"?>
<Project ToolsVersion="4.0" xmlns="http://schemas.microsoft.com/developer/msbuild/2003">
  <ItemGroup>
    <Filter Include="Source Files">
      <UniqueIdentifier>{4FC737F1-C7A5-4376-A066-2A32D752A2FF}</UniqueIdentifier>
      <Extensions>cpp;c;cc;cxx;def;odl;idl;hpj;bat;asm;asmx</Extensions>
    </Filter>
    <Filter Include="Header Files">
      <UniqueIdentifier>{93995380-89BD-4b04-88EB-625FBE52EBFB}</UniqueIdentifier>
      <Extensions>h;hh;hpp;hxx;hm;inl;inc;xsd</Extensions>
    </Filter>
    <Filter Include="Resource Files">
      <UniqueIdentifier>{67DA6AB6-F800-4c08-8B7A-83BB121AAD01}</UniqueIdentifier>
      <Extensions>rc;ico;cur;bmp;dlg;rc2;rct;bin;rgs;gif;jpg;jpeg;jpe;resx;tiff;tif;png;wav;mfcribbon-ms</Extensions>
    </Filter>
  </ItemGroup>
  <ItemGroup>
    <ClCompile Include="libgpg-error-HEAD\src\w32-gettext.c">
      <Filter>Source Files</Filter>
    </ClCompile>
    <ClCompile Include="libgpg-error-HEAD\src\w32-lock.c">
      <Filter>Source Files</Filter>
    </ClCompile>
    <ClCompile Include="libgpg-error-HEAD\src\w32-thread.c">
      <Filter>Source Files</Filter>
    </ClCompile>
    <ClCompile Include="libgpg-error-HEAD\src\code-from-errno.c">
      <Filter>Source Files</Filter>
    </ClCompile>
    <ClCompile Include="libgpg-error-HEAD\src\code-to-errno.c">
      <Filter>Source Files</Filter>
    </ClCompile>
    <ClCompile Include="libgpg-error-HEAD\src\gpg-error.c">
      <Filter>Source Files</Filter>
    </ClCompile>
    <ClCompile Include="libgpg-error-HEAD\src\init.c">
      <Filter>Source Files</Filter>
    </ClCompile>
    <ClCompile Include="libgpg-error-HEAD\src\strerror.c">
      <Filter>Source Files</Filter>
    </ClCompile>
    <ClCompile Include="libgpg-error-HEAD\src\strerror-sym.c">
      <Filter>Source Files</Filter>
    </ClCompile>
    <ClCompile Include="libgpg-error-HEAD\src\strsource.c">
      <Filter>Source Files</Filter>
    </ClCompile>
    <ClCompile Include="libgpg-error-HEAD\src\strsource-sym.c">
      <Filter>Source Files</Filter>
    </ClCompile>
    <ClCompile Include="libgpg-error-HEAD\src\version.c">
      <Filter>Source Files</Filter>
    </ClCompile>
  </ItemGroup>
  <ItemGroup>
    <ClInclude Include="libgpg-error-HEAD\generated\gpg-error.h">
      <Filter>Header Files</Filter>
    </ClInclude>
    <ClInclude Include="libgpg-error-HEAD\generated\config.h">
      <Filter>Header Files</Filter>
    </ClInclude>
    <ClInclude Include="libgpg-error-HEAD\platform\libgpg-error-win32-defines.h">
      <Filter>Header Files</Filter>
    </ClInclude>
  </ItemGroup>
</Project>